
Microsoft Visual Studio Solution File, Format Version 12.00
# Visual Studio 15
VisualStudioVersion = 15.0.27130.2010
MinimumVisualStudioVersion = 10.0.40219.1
Project("{FAE04EC0-301F-11D3-BF4B-00C04F79EFBC}") = "Kelary.Infrastructure", "Kelary.Infrastructure\Kelary.Infrastructure.csproj", "{7C4668F3-2A0E-441A-8988-2B1D7D7D94C8}"
EndProject
Project("{FAE04EC0-301F-11D3-BF4B-00C04F79EFBC}") = "Kelary.Infrastructure.Tests", "Kelary.Infrastructure.Tests\Kelary.Infrastructure.Tests.csproj", "{E33EDEAB-F9F0-4982-8CA1-A7934F672F1A}"
	ProjectSection(ProjectDependencies) = postProject
		{7C4668F3-2A0E-441A-8988-2B1D7D7D94C8} = {7C4668F3-2A0E-441A-8988-2B1D7D7D94C8}
	EndProjectSection
EndProject
Project("{FAE04EC0-301F-11D3-BF4B-00C04F79EFBC}") = "Kelary.Infrastructure.Showcase", "Kelary.Infrastructure.Showcase\Kelary.Infrastructure.Showcase.csproj", "{FCABF7D3-6CA7-4D1E-B5E1-E657F18E4492}"
	ProjectSection(ProjectDependencies) = postProject
		{7C4668F3-2A0E-441A-8988-2B1D7D7D94C8} = {7C4668F3-2A0E-441A-8988-2B1D7D7D94C8}
	EndProjectSection
EndProject
Global
	GlobalSection(SolutionConfigurationPlatforms) = preSolution
		Debug|Any CPU = Debug|Any CPU
		Release|Any CPU = Release|Any CPU
	EndGlobalSection
	GlobalSection(ProjectConfigurationPlatforms) = postSolution
		{7C4668F3-2A0E-441A-8988-2B1D7D7D94C8}.Debug|Any CPU.ActiveCfg = Debug|Any CPU
		{7C4668F3-2A0E-441A-8988-2B1D7D7D94C8}.Debug|Any CPU.Build.0 = Debug|Any CPU
		{7C4668F3-2A0E-441A-8988-2B1D7D7D94C8}.Release|Any CPU.ActiveCfg = Release|Any CPU
		{7C4668F3-2A0E-441A-8988-2B1D7D7D94C8}.Release|Any CPU.Build.0 = Release|Any CPU
		{E33EDEAB-F9F0-4982-8CA1-A7934F672F1A}.Debug|Any CPU.ActiveCfg = Debug|Any CPU
		{E33EDEAB-F9F0-4982-8CA1-A7934F672F1A}.Debug|Any CPU.Build.0 = Debug|Any CPU
		{E33EDEAB-F9F0-4982-8CA1-A7934F672F1A}.Release|Any CPU.ActiveCfg = Release|Any CPU
		{E33EDEAB-F9F0-4982-8CA1-A7934F672F1A}.Release|Any CPU.Build.0 = Release|Any CPU
		{FCABF7D3-6CA7-4D1E-B5E1-E657F18E4492}.Debug|Any CPU.ActiveCfg = Debug|Any CPU
		{FCABF7D3-6CA7-4D1E-B5E1-E657F18E4492}.Debug|Any CPU.Build.0 = Debug|Any CPU
		{FCABF7D3-6CA7-4D1E-B5E1-E657F18E4492}.Release|Any CPU.ActiveCfg = Release|Any CPU
		{FCABF7D3-6CA7-4D1E-B5E1-E657F18E4492}.Release|Any CPU.Build.0 = Release|Any CPU
	EndGlobalSection
	GlobalSection(SolutionProperties) = preSolution
		HideSolutionNode = FALSE
	EndGlobalSection
	GlobalSection(ExtensibilityGlobals) = postSolution
		SolutionGuid = {F8A7F841-3951-4766-AAFB-AEB459073EF5}
	EndGlobalSection
EndGlobal
